
Microsoft Visual Studio Solution File, Format Version 12.00
# Visual Studio Version 16
VisualStudioVersion = 16.0.29806.167
MinimumVisualStudioVersion = 10.0.40219.1
Project("{FAE04EC0-301F-11D3-BF4B-00C04F79EFBC}") = "WorkbenchHelper", "WorkbenchHelper\WorkbenchHelper.csproj", "{DC94EE10-C0A5-4D0E-85B2-646A1CE9A1EB}"
EndProject
Global
	GlobalSection(SolutionConfigurationPlatforms) = preSolution
		Debug|Any CPU = Debug|Any CPU
		Release|Any CPU = Release|Any CPU
	EndGlobalSection
	GlobalSection(ProjectConfigurationPlatforms) = postSolution
		{E04E7ECA-9EC9-4ED2-B4BB-036A450A0252}.Debug|Any CPU.ActiveCfg = Debug|x86
		{E04E7ECA-9EC9-4ED2-B4BB-036A450A0252}.Debug|Any CPU.Build.0 = Debug|x86
		{E04E7ECA-9EC9-4ED2-B4BB-036A450A0252}.Release|Any CPU.ActiveCfg = Release|x86
		{DC94EE10-C0A5-4D0E-85B2-646A1CE9A1EB}.Debug|Any CPU.ActiveCfg = Debug|x86
		{DC94EE10-C0A5-4D0E-85B2-646A1CE9A1EB}.Debug|Any CPU.Build.0 = Debug|x86
		{DC94EE10-C0A5-4D0E-85B2-646A1CE9A1EB}.Release|Any CPU.ActiveCfg = Release|x86
		{DC94EE10-C0A5-4D0E-85B2-646A1CE9A1EB}.Release|Any CPU.Build.0 = Release|x86
	EndGlobalSection
	GlobalSection(SolutionProperties) = preSolution
		HideSolutionNode = FALSE
	EndGlobalSection
	GlobalSection(ExtensibilityGlobals) = postSolution
		SolutionGuid = {3C5C2178-BAAD-4148-A470-950E2B82C407}
	EndGlobalSection
EndGlobal
